Microsoft Visual Studio Solution File, Format Version 12.00
# Visual Studio 2012
Project("{FAE04EC0-301F-11D3-BF4B-00C04F79EFBC}") = "CSC 3380 Group Project", "CSC 3380 Group Project.csproj", "{F3BF22E9-9537-41F4-A355-893A999B20DC}"
EndProject
Global
	GlobalSection(SolutionConfigurationPlatforms) = preSolution
	Debug|Any CPU = Debug|Any CPU
	ExportDebug|Any CPU = ExportDebug|Any CPU
	ExportRelease|Any CPU = ExportRelease|Any CPU
	EndGlobalSection
	GlobalSection(ProjectConfigurationPlatforms) = postSolution
		{F3BF22E9-9537-41F4-A355-893A999B20DC}.Debug|Any CPU.ActiveCfg = Debug|Any CPU
		{F3BF22E9-9537-41F4-A355-893A999B20DC}.Debug|Any CPU.Build.0 = Debug|Any CPU
		{F3BF22E9-9537-41F4-A355-893A999B20DC}.ExportDebug|Any CPU.ActiveCfg = ExportDebug|Any CPU
		{F3BF22E9-9537-41F4-A355-893A999B20DC}.ExportDebug|Any CPU.Build.0 = ExportDebug|Any CPU
		{F3BF22E9-9537-41F4-A355-893A999B20DC}.ExportRelease|Any CPU.ActiveCfg = ExportRelease|Any CPU
		{F3BF22E9-9537-41F4-A355-893A999B20DC}.ExportRelease|Any CPU.Build.0 = ExportRelease|Any CPU
	EndGlobalSection
EndGlobal
